// !$*UTF8*$!
{
	archiveVersion = 1;
	classes = {
	};
	objectVersion = 50;
	objects = {

/* Begin PBXBuildFile section */
		7DD37A84212C2C94008D0B43 /* AppDelegate.swift in Sources */ = {isa = PBXBuildFile; fileRef = 7DD37A83212C2C94008D0B43 /* AppDelegate.swift */; };
		7DD37A86212C2C94008D0B43 /* ViewController.swift in Sources */ = {isa = PBXBuildFile; fileRef = 7DD37A85212C2C94008D0B43 /* ViewController.swift */; };
		7DD37A89212C2C94008D0B43 /* Main.storyboard in Resources */ = {isa = PBXBuildFile; fileRef = 7DD37A87212C2C94008D0B43 /* Main.storyboard */; };
		7DD37A8B212C2C95008D0B43 /* Assets.xcassets in Resources */ = {isa = PBXBuildFile; fileRef = 7DD37A8A212C2C95008D0B43 /* Assets.xcassets */; };
		7DD37A8E212C2C95008D0B43 /* LaunchScreen.storyboard in Resources */ = {isa = PBXBuildFile; fileRef = 7DD37A8C212C2C95008D0B43 /* LaunchScreen.storyboard */; };
		7DD37A99212C2C95008D0B43 /* DynamicTableViewTests.swift in Sources */ = {isa = PBXBuildFile; fileRef = 7DD37A98212C2C95008D0B43 /* DynamicTableViewTests.swift */; };
		7DD37AA4212C2C95008D0B43 /* DynamicTableViewUITests.swift in Sources */ = {isa = PBXBuildFile; fileRef = 7DD37AA3212C2C95008D0B43 /* DynamicTableViewUITests.swift */; };
		7DD37AB2212C2E1B008D0B43 /* StudentClassCell.swift in Sources */ = {isa = PBXBuildFile; fileRef = 7DD37AB1212C2E1B008D0B43 /* StudentClassCell.swift */; };
/* End PBXBuildFile section */

/* Begin PBXContainerItemProxy section */
		7DD37A95212C2C95008D0B43 /* PBXContainerItemProxy */ = {
			isa = PBXContainerItemProxy;
			containerPortal = 7DD37A78212C2C94008D0B43 /* Project object */;
			proxyType = 1;
			remoteGlobalIDString = 7DD37A7F212C2C94008D0B43;
			remoteInfo = DynamicTableView;
		};
		7DD37AA0212C2C95008D0B43 /* PBXContainerItemProxy */ = {
			isa = PBXContainerItemProxy;
			containerPortal = 7DD37A78212C2C94008D0B43 /* Project object */;
			proxyType = 1;
			remoteGlobalIDString = 7DD37A7F212C2C94008D0B43;
			remoteInfo = DynamicTableView;
		};
/* End PBXContainerItemProxy section */

/* Begin PBXFileReference section */
		7DD37A80212C2C94008D0B43 /* DynamicTableView.app */ = {isa = PBXFileReference; explicitFileType = wrapper.application; includeInIndex = 0; path = DynamicTableView.app; sourceTree = BUILT_PRODUCTS_DIR; };
		7DD37A83212C2C94008D0B43 /* AppDelegate.swift */ = {isa = PBXFileReference; lastKnownFileType = sourcecode.swift; path = AppDelegate.swift; sourceTree = "<group>"; };
		7DD37A85212C2C94008D0B43 /* ViewController.swift */ = {isa = PBXFileReference; lastKnownFileType = sourcecode.swift; path = ViewController.swift; sourceTree = "<group>"; };
		7DD37A88212C2C94008D0B43 /* Base */ = {isa = PBXFileReference; lastKnownFileType = file.storyboard; name = Base; path = Base.lproj/Main.storyboard; sourceTree = "<group>"; };
		7DD37A8A212C2C95008D0B43 /* Assets.xcassets */ = {isa = PBXFileReference; lastKnownFileType = folder.assetcatalog; path = Assets.xcassets; sourceTree = "<group>"; };
		7DD37A8D212C2C95008D0B43 /* Base */ = {isa = PBXFileReference; lastKnownFileType = file.storyboard; name = Base; path = Base.lproj/LaunchScreen.storyboard; sourceTree = "<group>"; };
		7DD37A8F212C2C95008D0B43 /* Info.plist */ = {isa = PBXFileReference; lastKnownFileType = text.plist.xml; path = Info.plist; sourceTree = "<group>"; };
		7DD37A94212C2C95008D0B43 /* DynamicTableViewTests.xctest */ = {isa = PBXFileReference; explicitFileType = wrapper.cfbundle; includeInIndex = 0; path = DynamicTableViewTests.xctest; sourceTree = BUILT_PRODUCTS_DIR; };
		7DD37A98212C2C95008D0B43 /* DynamicTableViewTests.swift */ = {isa = PBXFileReference; lastKnownFileType = sourcecode.swift; path = DynamicTableViewTests.swift; sourceTree = "<group>"; };
		7DD37A9A212C2C95008D0B43 /* Info.plist */ = {isa = PBXFileReference; lastKnownFileType = text.plist.xml; path = Info.plist; sourceTree = "<group>"; };
		7DD37A9F212C2C95008D0B43 /* DynamicTableViewUITests.xctest */ = {isa = PBXFileReference; explicitFileType = wrapper.cfbundle; includeInIndex = 0; path = DynamicTableViewUITests.xctest; sourceTree = BUILT_PRODUCTS_DIR; };
		7DD37AA3212C2C95008D0B43 /* DynamicTableViewUITests.swift */ = {isa = PBXFileReference; lastKnownFileType = sourcecode.swift; path = DynamicTableViewUITests.swift; sourceTree = "<group>"; };
		7DD37AA5212C2C95008D0B43 /* Info.plist */ = {isa = PBXFileReference; lastKnownFileType = text.plist.xml; path = Info.plist; sourceTree = "<group>"; };
		7DD37AB1212C2E1B008D0B43 /* StudentClassCell.swift */ = {isa = PBXFileReference; lastKnownFileType = sourcecode.swift; path = StudentClassCell.swift; sourceTree = "<group>"; };
/* End PBXFileReference section */

/* Begin PBXFrameworksBuildPhase section */
		7DD37A7D212C2C94008D0B43 /* Frameworks */ = {
			isa = PBXFrameworksBuildPhase;
			buildActionMask = 2147483647;
			files = (
			);
			runOnlyForDeploymentPostprocessing = 0;
		};
		7DD37A91212C2C95008D0B43 /* Frameworks */ = {
			isa = PBXFrameworksBuildPhase;
			buildActionMask = 2147483647;
			files = (
			);
			runOnlyForDeploymentPostprocessing = 0;
		};
		7DD37A9C212C2C95008D0B43 /* Frameworks */ = {
			isa = PBXFrameworksBuildPhase;
			buildActionMask = 2147483647;
			files = (
			);
			runOnlyForDeploymentPostprocessing = 0;
		};
/* End PBXFrameworksBuildPhase section */

/* Begin PBXGroup section */
		7DD37A77212C2C94008D0B43 = {
			isa = PBXGroup;
			children = (
				7DD37A82212C2C94008D0B43 /* DynamicTableView */,
				7DD37A97212C2C95008D0B43 /* DynamicTableViewTests */,
				7DD37AA2212C2C95008D0B43 /* DynamicTableViewUITests */,
				7DD37A81212C2C94008D0B43 /* Products */,
			);
			sourceTree = "<group>";
		};
		7DD37A81212C2C94008D0B43 /* Products */ = {
			isa = PBXGroup;
			children = (
				7DD37A80212C2C94008D0B43 /* DynamicTableView.app */,
				7DD37A94212C2C95008D0B43 /* DynamicTableViewTests.xctest */,
				7DD37A9F212C2C95008D0B43 /* DynamicTableViewUITests.xctest */,
			);
			name = Products;
			sourceTree = "<group>";
		};
		7DD37A82212C2C94008D0B43 /* DynamicTableView */ = {
			isa = PBXGroup;
			children = (
				7DD37A83212C2C94008D0B43 /* AppDelegate.swift */,
				7DD37A85212C2C94008D0B43 /* ViewController.swift */,
				7DD37A87212C2C94008D0B43 /* Main.storyboard */,
				7DD37A8A212C2C95008D0B43 /* Assets.xcassets */,
				7DD37A8C212C2C95008D0B43 /* LaunchScreen.storyboard */,
				7DD37A8F212C2C95008D0B43 /* Info.plist */,
				7DD37AB1212C2E1B008D0B43 /* StudentClassCell.swift */,
			);
			path = DynamicTableView;
			sourceTree = "<group>";
		};
		7DD37A97212C2C95008D0B43 /* DynamicTableViewTests */ = {
			isa = PBXGroup;
			children = (
				7DD37A98212C2C95008D0B43 /* DynamicTableViewTests.swift */,
				7DD37A9A212C2C95008D0B43 /* Info.plist */,
			);
			path = DynamicTableViewTests;
			sourceTree = "<group>";
		};
		7DD37AA2212C2C95008D0B43 /* DynamicTableViewUITests */ = {
			isa = PBXGroup;
			children = (
				7DD37AA3212C2C95008D0B43 /* DynamicTableViewUITests.swift */,
				7DD37AA5212C2C95008D0B43 /* Info.plist */,
			);
			path = DynamicTableViewUITests;
			sourceTree = "<group>";
		};
/* End PBXGroup section */

/* Begin PBXNativeTarget section */
		7DD37A7F212C2C94008D0B43 /* DynamicTableView */ = {
			isa = PBXNativeTarget;
			buildConfigurationList = 7DD37AA8212C2C95008D0B43 /* Build configuration list for PBXNativeTarget "DynamicTableView" */;
			buildPhases = (
				7DD37A7C212C2C94008D0B43 /* Sources */,
				7DD37A7D212C2C94008D0B43 /* Frameworks */,
				7DD37A7E212C2C94008D0B43 /* Resources */,
			);
			buildRules = (
			);
			dependencies = (
			);
			name = DynamicTableView;
			productName = DynamicTableView;
			productReference = 7DD37A80212C2C94008D0B43 /* DynamicTableView.app */;
			productType = "com.apple.product-type.application";
		};
		7DD37A93212C2C95008D0B43 /* DynamicTableViewTests */ = {
			isa = PBXNativeTarget;
			buildConfigurationList = 7DD37AAB212C2C95008D0B43 /* Build configuration list for PBXNativeTarget "DynamicTableViewTests" */;
			buildPhases = (
				7DD37A90212C2C95008D0B43 /* Sources */,
				7DD37A91212C2C95008D0B43 /* Frameworks */,
				7DD37A92212C2C95008D0B43 /* Resources */,
			);
			buildRules = (
			);
			dependencies = (
				7DD37A96212C2C95008D0B43 /* PBXTargetDependency */,
			);
			name = DynamicTableViewTests;
			productName = DynamicTableViewTests;
			productReference = 7DD37A94212C2C95008D0B43 /* DynamicTableViewTests.xctest */;
			productType = "com.apple.product-type.bundle.unit-test";
		};
		7DD37A9E212C2C95008D0B43 /* DynamicTableViewUITests */ = {
			isa = PBXNativeTarget;
			buildConfigurationList = 7DD37AAE212C2C95008D0B43 /* Build configuration list for PBXNativeTarget "DynamicTableViewUITests" */;
			buildPhases = (
				7DD37A9B212C2C95008D0B43 /* Sources */,
				7DD37A9C212C2C95008D0B43 /* Frameworks */,
				7DD37A9D212C2C95008D0B43 /* Resources */,
			);
			buildRules = (
			);
			dependencies = (
				7DD37AA1212C2C95008D0B43 /* PBXTargetDependency */,
			);
			name = DynamicTableViewUITests;
			productName = DynamicTableViewUITests;
			productReference = 7DD37A9F212C2C95008D0B43 /* DynamicTableViewUITests.xctest */;
			productType = "com.apple.product-type.bundle.ui-testing";
		};
/* End PBXNativeTarget section */

/* Begin PBXProject section */
		7DD37A78212C2C94008D0B43 /* Project object */ = {
			isa = PBXProject;
			attributes = {
				LastSwiftUpdateCheck = 0940;
				LastUpgradeCheck = 0940;
				ORGANIZATIONNAME = "Amity University";
				TargetAttributes = {
					7DD37A7F212C2C94008D0B43 = {
						CreatedOnToolsVersion = 9.4.1;
					};
					7DD37A93212C2C95008D0B43 = {
						CreatedOnToolsVersion = 9.4.1;
						TestTargetID = 7DD37A7F212C2C94008D0B43;
					};
					7DD37A9E212C2C95008D0B43 = {
						CreatedOnToolsVersion = 9.4.1;
						TestTargetID = 7DD37A7F212C2C94008D0B43;
					};
				};
			};
			buildConfigurationList = 7DD37A7B212C2C94008D0B43 /* Build configuration list for PBXProject "DynamicTableView" */;
			compatibilityVersion = "Xcode 9.3";
			developmentRegion = en;
			hasScannedForEncodings = 0;
			knownRegions = (
				en,
				Base,
			);
			mainGroup = 7DD37A77212C2C94008D0B43;
			productRefGroup = 7DD37A81212C2C94008D0B43 /* Products */;
			projectDirPath = "";
			projectRoot = "";
			targets = (
				7DD37A7F212C2C94008D0B43 /* DynamicTableView */,
				7DD37A93212C2C95008D0B43 /* DynamicTableViewTests */,
				7DD37A9E212C2C95008D0B43 /* DynamicTableViewUITests */,
			);
		};
/* End PBXProject section */

/* Begin PBXResourcesBuildPhase section */
		7DD37A7E212C2C94008D0B43 /* Resources */ = {
			isa = PBXResourcesBuildPhase;
			buildActionMask = 2147483647;
			files = (
				7DD37A8E212C2C95008D0B43 /* LaunchScreen.storyboard in Resources */,
				7DD37A8B212C2C95008D0B43 /* Assets.xcassets in Resources */,
				7DD37A89212C2C94008D0B43 /* Main.storyboard in Resources */,
			);
			runOnlyForDeploymentPostprocessing = 0;
		};
		7DD37A92212C2C95008D0B43 /* Resources */ = {
			isa = PBXResourcesBuildPhase;
			buildActionMask = 2147483647;
			files = (
			);
			runOnlyForDeploymentPostprocessing = 0;
		};
		7DD37A9D212C2C95008D0B43 /* Resources */ = {
			isa = PBXResourcesBuildPhase;
			buildActionMask = 2147483647;
			files = (
			);
			runOnlyForDeploymentPostprocessing = 0;
		};
/* End PBXResourcesBuildPhase section */

/* Begin PBXSourcesBuildPhase section */
		7DD37A7C212C2C94008D0B43 /* Sources */ = {
			isa = PBXSourcesBuildPhase;
			buildActionMask = 2147483647;
			files = (
				7DD37A86212C2C94008D0B43 /* ViewController.swift in Sources */,
				7DD37AB2212C2E1B008D0B43 /* StudentClassCell.swift in Sources */,
				7DD37A84212C2C94008D0B43 /* AppDelegate.swift in Sources */,
			);
			runOnlyForDeploymentPostprocessing = 0;
		};
		7DD37A90212C2C95008D0B43 /* Sources */ = {
			isa = PBXSourcesBuildPhase;
			buildActionMask = 2147483647;
			files = (
				7DD37A99212C2C95008D0B43 /* DynamicTableViewTests.swift in Sources */,
			);
			runOnlyForDeploymentPostprocessing = 0;
		};
		7DD37A9B212C2C95008D0B43 /* Sources */ = {
			isa = PBXSourcesBuildPhase;
			buildActionMask = 2147483647;
			files = (
				7DD37AA4212C2C95008D0B43 /* DynamicTableViewUITests.swift in Sources */,
			);
			runOnlyForDeploymentPostprocessing = 0;
		};
/* End PBXSourcesBuildPhase section */

/* Begin PBXTargetDependency section */
		7DD37A96212C2C95008D0B43 /* PBXTargetDependency */ = {
			isa = PBXTargetDependency;
			target = 7DD37A7F212C2C94008D0B43 /* DynamicTableView */;
			targetProxy = 7DD37A95212C2C95008D0B43 /* PBXContainerItemProxy */;
		};
		7DD37AA1212C2C95008D0B43 /* PBXTargetDependency */ = {
			isa = PBXTargetDependency;
			target = 7DD37A7F212C2C94008D0B43 /* DynamicTableView */;
			targetProxy = 7DD37AA0212C2C95008D0B43 /* PBXContainerItemProxy */;
		};
/* End PBXTargetDependency section */

/* Begin PBXVariantGroup section */
		7DD37A87212C2C94008D0B43 /* Main.storyboard */ = {
			isa = PBXVariantGroup;
			children = (
				7DD37A88212C2C94008D0B43 /* Base */,
			);
			name = Main.storyboard;
			sourceTree = "<group>";
		};
		7DD37A8C212C2C95008D0B43 /* LaunchScreen.storyboard */ = {
			isa = PBXVariantGroup;
			children = (
				7DD37A8D212C2C95008D0B43 /* Base */,
			);
			name = LaunchScreen.storyboard;
			sourceTree = "<group>";
		};
/* End PBXVariantGroup section */

/* Begin XCBuildConfiguration section */
		7DD37AA6212C2C95008D0B43 /* Debug */ = {
			isa = XCBuildConfiguration;
			buildSettings = {
				ALWAYS_SEARCH_USER_PATHS = NO;
				CLANG_ANALYZER_NONNULL = YES;
				CLANG_ANALYZER_NUMBER_OBJECT_CONVERSION = YES_AGGRESSIVE;
				CLANG_CXX_LANGUAGE_STANDARD = "gnu++14";
				CLANG_CXX_LIBRARY = "libc++";
				CLANG_ENABLE_MODULES = YES;
				CLANG_ENABLE_OBJC_ARC = YES;
				CLANG_ENABLE_OBJC_WEAK = YES;
				CLANG_WARN_BLOCK_CAPTURE_AUTORELEASING = YES;
				CLANG_WARN_BOOL_CONVERSION = YES;
				CLANG_WARN_COMMA = YES;
				CLANG_WARN_CONSTANT_CONVERSION = YES;
				CLANG_WARN_DEPRECATED_OBJC_IMPLEMENTATIONS = YES;
				CLANG_WARN_DIRECT_OBJC_ISA_USAGE = YES_ERROR;
				CLANG_WARN_DOCUMENTATION_COMMENTS = YES;
				CLANG_WARN_EMPTY_BODY = YES;
				CLANG_WARN_ENUM_CONVERSION = YES;
				CLANG_WARN_INFINITE_RECURSION = YES;
				CLANG_WARN_INT_CONVERSION = YES;
				CLANG_WARN_NON_LITERAL_NULL_CONVERSION = YES;
				CLANG_WARN_OBJC_IMPLICIT_RETAIN_SELF = YES;
				CLANG_WARN_OBJC_LITERAL_CONVERSION = YES;
				CLANG_WARN_OBJC_ROOT_CLASS = YES_ERROR;
				CLANG_WARN_RANGE_LOOP_ANALYSIS = YES;
				CLANG_WARN_STRICT_PROTOTYPES = YES;
				CLANG_WARN_SUSPICIOUS_MOVE = YES;
				CLANG_WARN_UNGUARDED_AVAILABILITY = YES_AGGRESSIVE;
				CLANG_WARN_UNREACHABLE_CODE = YES;
				CLANG_WARN__DUPLICATE_METHOD_MATCH = YES;
				CODE_SIGN_IDENTITY = "iPhone Developer";
				COPY_PHASE_STRIP = NO;
				DEBUG_INFORMATION_FORMAT = dwarf;
				ENABLE_STRICT_OBJC_MSGSEND = YES;
				ENABLE_TESTABILITY = YES;
				GCC_C_LANGUAGE_STANDARD = gnu11;
				GCC_DYNAMIC_NO_PIC = NO;
				GCC_NO_COMMON_BLOCKS = YES;
				GCC_OPTIMIZATION_LEVEL = 0;
				GCC_PREPROCESSOR_DEFINITIONS = (
					"DEBUG=1",
					"$(inherited)",
				);
				GCC_WARN_64_TO_32_BIT_CONVERSION = YES;
				GCC_WARN_ABOUT_RETURN_TYPE = YES_ERROR;
				GCC_WARN_UNDECLARED_SELECTOR = YES;
				GCC_WARN_UNINITIALIZED_AUTOS = YES_AGGRESSIVE;
				GCC_WARN_UNUSED_FUNCTION = YES;
				GCC_WARN_UNUSED_VARIABLE = YES;
				IPHONEOS_DEPLOYMENT_TARGET = 11.4;
				MTL_ENABLE_DEBUG_INFO = YES;
				ONLY_ACTIVE_ARCH = YES;
				SDKROOT = iphoneos;
				SWIFT_ACTIVE_COMPILATION_CONDITIONS = DEBUG;
				SWIFT_OPTIMIZATION_LEVEL = "-Onone";
			};
			name = Debug;
		};
		7DD37AA7212C2C95008D0B43 /* Release */ = {
			isa = XCBuildConfiguration;
			buildSettings = {
				ALWAYS_SEARCH_USER_PATHS = NO;
				CLANG_ANALYZER_NONNULL = YES;
				CLANG_ANALYZER_NUMBER_OBJECT_CONVERSION = YES_AGGRESSIVE;
				CLANG_CXX_LANGUAGE_STANDARD = "gnu++14";
				CLANG_CXX_LIBRARY = "libc++";
				CLANG_ENABLE_MODULES = YES;
				CLANG_ENABLE_OBJC_ARC = YES;
				CLANG_ENABLE_OBJC_WEAK = YES;
				CLANG_WARN_BLOCK_CAPTURE_AUTORELEASING = YES;
				CLANG_WARN_BOOL_CONVERSION = YES;
				CLANG_WARN_COMMA = YES;
				CLANG_WARN_CONSTANT_CONVERSION = YES;
				CLANG_WARN_DEPRECATED_OBJC_IMPLEMENTATIONS = YES;
				CLANG_WARN_DIRECT_OBJC_ISA_USAGE = YES_ERROR;
				CLANG_WARN_DOCUMENTATION_COMMENTS = YES;
				CLANG_WARN_EMPTY_BODY = YES;
				CLANG_WARN_ENUM_CONVERSION = YES;
				CLANG_WARN_INFINITE_RECURSION = YES;
				CLANG_WARN_INT_CONVERSION = YES;
				CLANG_WARN_NON_LITERAL_NULL_CONVERSION = YES;
				CLANG_WARN_OBJC_IMPLICIT_RETAIN_SELF = YES;
				CLANG_WARN_OBJC_LITERAL_CONVERSION = YES;
				CLANG_WARN_OBJC_ROOT_CLASS = YES_ERROR;
				CLANG_WARN_RANGE_LOOP_ANALYSIS = YES;
				CLANG_WARN_STRICT_PROTOTYPES = YES;
				CLANG_WARN_SUSPICIOUS_MOVE = YES;
				CLANG_WARN_UNGUARDED_AVAILABILITY = YES_AGGRESSIVE;
				CLANG_WARN_UNREACHABLE_CODE = YES;
				CLANG_WARN__DUPLICATE_METHOD_MATCH = YES;
				CODE_SIGN_IDENTITY = "iPhone Developer";
				COPY_PHASE_STRIP = NO;
				DEBUG_INFORMATION_FORMAT = "dwarf-with-dsym";
				ENABLE_NS_ASSERTIONS = NO;
				ENABLE_STRICT_OBJC_MSGSEND = YES;
				GCC_C_LANGUAGE_STANDARD = gnu11;
				GCC_NO_COMMON_BLOCKS = YES;
				GCC_WARN_64_TO_32_BIT_CONVERSION = YES;
				GCC_WARN_ABOUT_RETURN_TYPE = YES_ERROR;
				GCC_WARN_UNDECLARED_SELECTOR = YES;
				GCC_WARN_UNINITIALIZED_AUTOS = YES_AGGRESSIVE;
				GCC_WARN_UNUSED_FUNCTION = YES;
				GCC_WARN_UNUSED_VARIABLE = YES;
				IPHONEOS_DEPLOYMENT_TARGET = 11.4;
				MTL_ENABLE_DEBUG_INFO = NO;
				SDKROOT = iphoneos;
				SWIFT_COMPILATION_MODE = wholemodule;
				SWIFT_OPTIMIZATION_LEVEL = "-O";
				VALIDATE_PRODUCT = YES;
			};
			name = Release;
		};
		7DD37AA9212C2C95008D0B43 /* Debug */ = {
			isa = XCBuildConfiguration;
			buildSettings = {
				ASSETCATALOG_COMPILER_APPICON_NAME = AppIcon;
				CODE_SIGN_STYLE = Automatic;
				DEVELOPMENT_TEAM = 3696P3ZR48;
				INFOPLIST_FILE = DynamicTableView/Info.plist;
				LD_RUNPATH_SEARCH_PATHS = (
					"$(inherited)",
					"@executable_path/Frameworks",
				);
				PRODUCT_BUNDLE_IDENTIFIER = edu.amity.DynamicTableView;
				PRODUCT_NAME = "$(TARGET_NAME)";
				SWIFT_VERSION = 4.0;
				TARGETED_DEVICE_FAMILY = "1,2";
			};
			name = Debug;
		};
		7DD37AAA212C2C95008D0B43 /* Release */ = {
			isa = XCBuildConfiguration;
			buildSettings = {
				ASSETCATALOG_COMPILER_APPICON_NAME = AppIcon;
				CODE_SIGN_STYLE = Automatic;
				DEVELOPMENT_TEAM = 3696P3ZR48;
				INFOPLIST_FILE = DynamicTableView/Info.plist;
				LD_RUNPATH_SEARCH_PATHS = (
					"$(inherited)",
					"@executable_path/Frameworks",
				);
				PRODUCT_BUNDLE_IDENTIFIER = edu.amity.DynamicTableView;
				PRODUCT_NAME = "$(TARGET_NAME)";
				SWIFT_VERSION = 4.0;
				TARGETED_DEVICE_FAMILY = "1,2";
			};
			name = Release;
		};
		7DD37AAC212C2C95008D0B43 /* Debug */ = {
			isa = XCBuildConfiguration;
			buildSettings = {
				ALWAYS_EMBED_SWIFT_STANDARD_LIBRARIES = YES;
				BUNDLE_LOADER = "$(TEST_HOST)";
				CODE_SIGN_STYLE = Automatic;
				DEVELOPMENT_TEAM = 3696P3ZR48;
				INFOPLIST_FILE = DynamicTableViewTests/Info.plist;
				LD_RUNPATH_SEARCH_PATHS = (
					"$(inherited)",
					"@executable_path/Frameworks",
					"@loader_path/Frameworks",
				);
				PRODUCT_BUNDLE_IDENTIFIER = edu.amity.DynamicTableViewTests;
				PRODUCT_NAME = "$(TARGET_NAME)";
				SWIFT_VERSION = 4.0;
				TARGETED_DEVICE_FAMILY = "1,2";
				TEST_HOST = "$(BUILT_PRODUCTS_DIR)/DynamicTableView.app/DynamicTableView";
			};
			name = Debug;
		};
		7DD37AAD212C2C95008D0B43 /* Release */ = {
			isa = XCBuildConfiguration;
			buildSettings = {
				ALWAYS_EMBED_SWIFT_STANDARD_LIBRARIES = YES;
				BUNDLE_LOADER = "$(TEST_HOST)";
				CODE_SIGN_STYLE = Automatic;
				DEVELOPMENT_TEAM = 3696P3ZR48;
				INFOPLIST_FILE = DynamicTableViewTests/Info.plist;
				LD_RUNPATH_SEARCH_PATHS = (
					"$(inherited)",
					"@executable_path/Frameworks",
					"@loader_path/Frameworks",
				);
				PRODUCT_BUNDLE_IDENTIFIER = edu.amity.DynamicTableViewTests;
				PRODUCT_NAME = "$(TARGET_NAME)";
				SWIFT_VERSION = 4.0;
				TARGETED_DEVICE_FAMILY = "1,2";
				TEST_HOST = "$(BUILT_PRODUCTS_DIR)/DynamicTableView.app/DynamicTableView";
			};
			name = Release;
		};
		7DD37AAF212C2C95008D0B43 /* Debug */ = {
			isa = XCBuildConfiguration;
			buildSettings = {
				ALWAYS_EMBED_SWIFT_STANDARD_LIBRARIES = YES;
				CODE_SIGN_STYLE = Automatic;
				DEVELOPMENT_TEAM = 3696P3ZR48;
				INFOPLIST_FILE = DynamicTableViewUITests/Info.plist;
				LD_RUNPATH_SEARCH_PATHS = (
					"$(inherited)",
					"@executable_path/Frameworks",
					"@loader_path/Frameworks",
				);
				PRODUCT_BUNDLE_IDENTIFIER = edu.amity.DynamicTableViewUITests;
				PRODUCT_NAME = "$(TARGET_NAME)";
				SWIFT_VERSION = 4.0;
				TARGETED_DEVICE_FAMILY = "1,2";
				TEST_TARGET_NAME = DynamicTableView;
			};
			name = Debug;
		};
		7DD37AB0212C2C95008D0B43 /* Release */ = {
			isa = XCBuildConfiguration;
			buildSettings = {
				ALWAYS_EMBED_SWIFT_STANDARD_LIBRARIES = YES;
				CODE_SIGN_STYLE = Automatic;
				DEVELOPMENT_TEAM = 3696P3ZR48;
				INFOPLIST_FILE = DynamicTableViewUITests/Info.plist;
				LD_RUNPATH_SEARCH_PATHS = (
					"$(inherited)",
					"@executable_path/Frameworks",
					"@loader_path/Frameworks",
				);
				PRODUCT_BUNDLE_IDENTIFIER = edu.amity.DynamicTableViewUITests;
				PRODUCT_NAME = "$(TARGET_NAME)";
				SWIFT_VERSION = 4.0;
				TARGETED_DEVICE_FAMILY = "1,2";
				TEST_TARGET_NAME = DynamicTableView;
			};
			name = Release;
		};
/* End XCBuildConfiguration section */

/* Begin XCConfigurationList section */
		7DD37A7B212C2C94008D0B43 /* Build configuration list for PBXProject "DynamicTableView" */ = {
			isa = XCConfigurationList;
			buildConfigurations = (
				7DD37AA6212C2C95008D0B43 /* Debug */,
				7DD37AA7212C2C95008D0B43 /* Release */,
			);
			defaultConfigurationIsVisible = 0;
			defaultConfigurationName = Release;
		};
		7DD37AA8212C2C95008D0B43 /* Build configuration list for PBXNativeTarget "DynamicTableView" */ = {
			isa = XCConfigurationList;
			buildConfigurations = (
				7DD37AA9212C2C95008D0B43 /* Debug */,
				7DD37AAA212C2C95008D0B43 /* Release */,
			);
			defaultConfigurationIsVisible = 0;
			defaultConfigurationName = Release;
		};
		7DD37AAB212C2C95008D0B43 /* Build configuration list for PBXNativeTarget "DynamicTableViewTests" */ = {
			isa = XCConfigurationList;
			buildConfigurations = (
				7DD37AAC212C2C95008D0B43 /* Debug */,
				7DD37AAD212C2C95008D0B43 /* Release */,
			);
			defaultConfigurationIsVisible = 0;
			defaultConfigurationName = Release;
		};
		7DD37AAE212C2C95008D0B43 /* Build configuration list for PBXNativeTarget "DynamicTableViewUITests" */ = {
			isa = XCConfigurationList;
			buildConfigurations = (
				7DD37AAF212C2C95008D0B43 /* Debug */,
				7DD37AB0212C2C95008D0B43 /* Release */,
			);
			defaultConfigurationIsVisible = 0;
			defaultConfigurationName = Release;
		};
/* End XCConfigurationList section */
	};
	rootObject = 7DD37A78212C2C94008D0B43 /* Project object */;
}
